
Microsoft Visual Studio Solution File, Format Version 12.00
# Visual Studio Version 17
VisualStudioVersion = 17.0.31903.59
MinimumVisualStudioVersion = 10.0.40219.1
Project("{FAE04EC0-301F-11D3-BF4B-00C04F79EFBC}") = "Z1", "Z1\Z1.csproj", "{C0B7AED2-A309-4EC4-A8B5-404A96825812}"
EndProject
Project("{FAE04EC0-301F-11D3-BF4B-00C04F79EFBC}") = "Z2", "Z2\Z2.csproj", "{A76E03E6-B3E4-4B5D-B002-E9381D6284F0}"
EndProject
Project("{FAE04EC0-301F-11D3-BF4B-00C04F79EFBC}") = "Z3", "Z3\Z3.csproj", "{A3A0AD62-B682-47B5-9F44-A4FB7B9487C4}"
EndProject
Project("{FAE04EC0-301F-11D3-BF4B-00C04F79EFBC}") = "Z4", "Z4\Z4.csproj", "{52333052-7236-449F-8CBD-E7E67079789F}"
EndProject
Project("{FAE04EC0-301F-11D3-BF4B-00C04F79EFBC}") = "Z5", "Z5\Z5.csproj", "{2747184E-013C-4F7E-AE3B-EAE11B6C1D17}"
EndProject
Project("{FAE04EC0-301F-11D3-BF4B-00C04F79EFBC}") = "Z6", "Z6\Z6.csproj", "{876882D0-1AF0-4777-8B30-7A34A548332F}"
EndProject
Project("{FAE04EC0-301F-11D3-BF4B-00C04F79EFBC}") = "Z7", "Z7\Z7.csproj", "{7EAC0EFD-30A1-423E-B306-CFD1A2A492EE}"
EndProject
Project("{FAE04EC0-301F-11D3-BF4B-00C04F79EFBC}") = "Z8", "Z8\Z8.csproj", "{C405CEA1-98E1-45FE-AB92-59B525911C76}"
EndProject
Project("{FAE04EC0-301F-11D3-BF4B-00C04F79EFBC}") = "Z9", "Z9\Z9.csproj", "{3EC320D4-E5CC-4145-BF12-82A574D9F5A8}"
EndProject
Project("{FAE04EC0-301F-11D3-BF4B-00C04F79EFBC}") = "Z10", "Z10\Z10.csproj", "{2F9E52B5-AD0E-4437-A119-764B1ABC2463}"
EndProject
Global
	GlobalSection(SolutionConfigurationPlatforms) = preSolution
		Debug|Any CPU = Debug|Any CPU
		Release|Any CPU = Release|Any CPU
	EndGlobalSection
	GlobalSection(SolutionProperties) = preSolution
		HideSolutionNode = FALSE
	EndGlobalSection
	GlobalSection(ProjectConfigurationPlatforms) = postSolution
		{C0B7AED2-A309-4EC4-A8B5-404A96825812}.Debug|Any CPU.ActiveCfg = Debug|Any CPU
		{C0B7AED2-A309-4EC4-A8B5-404A96825812}.Debug|Any CPU.Build.0 = Debug|Any CPU
		{C0B7AED2-A309-4EC4-A8B5-404A96825812}.Release|Any CPU.ActiveCfg = Release|Any CPU
		{C0B7AED2-A309-4EC4-A8B5-404A96825812}.Release|Any CPU.Build.0 = Release|Any CPU
		{A76E03E6-B3E4-4B5D-B002-E9381D6284F0}.Debug|Any CPU.ActiveCfg = Debug|Any CPU
		{A76E03E6-B3E4-4B5D-B002-E9381D6284F0}.Debug|Any CPU.Build.0 = Debug|Any CPU
		{A76E03E6-B3E4-4B5D-B002-E9381D6284F0}.Release|Any CPU.ActiveCfg = Release|Any CPU
		{A76E03E6-B3E4-4B5D-B002-E9381D6284F0}.Release|Any CPU.Build.0 = Release|Any CPU
		{A3A0AD62-B682-47B5-9F44-A4FB7B9487C4}.Debug|Any CPU.ActiveCfg = Debug|Any CPU
		{A3A0AD62-B682-47B5-9F44-A4FB7B9487C4}.Debug|Any CPU.Build.0 = Debug|Any CPU
		{A3A0AD62-B682-47B5-9F44-A4FB7B9487C4}.Release|Any CPU.ActiveCfg = Release|Any CPU
		{A3A0AD62-B682-47B5-9F44-A4FB7B9487C4}.Release|Any CPU.Build.0 = Release|Any CPU
		{52333052-7236-449F-8CBD-E7E67079789F}.Debug|Any CPU.ActiveCfg = Debug|Any CPU
		{52333052-7236-449F-8CBD-E7E67079789F}.Debug|Any CPU.Build.0 = Debug|Any CPU
		{52333052-7236-449F-8CBD-E7E67079789F}.Release|Any CPU.ActiveCfg = Release|Any CPU
		{52333052-7236-449F-8CBD-E7E67079789F}.Release|Any CPU.Build.0 = Release|Any CPU
		{2747184E-013C-4F7E-AE3B-EAE11B6C1D17}.Debug|Any CPU.ActiveCfg = Debug|Any CPU
		{2747184E-013C-4F7E-AE3B-EAE11B6C1D17}.Debug|Any CPU.Build.0 = Debug|Any CPU
		{2747184E-013C-4F7E-AE3B-EAE11B6C1D17}.Release|Any CPU.ActiveCfg = Release|Any CPU
		{2747184E-013C-4F7E-AE3B-EAE11B6C1D17}.Release|Any CPU.Build.0 = Release|Any CPU
		{876882D0-1AF0-4777-8B30-7A34A548332F}.Debug|Any CPU.ActiveCfg = Debug|Any CPU
		{876882D0-1AF0-4777-8B30-7A34A548332F}.Debug|Any CPU.Build.0 = Debug|Any CPU
		{876882D0-1AF0-4777-8B30-7A34A548332F}.Release|Any CPU.ActiveCfg = Release|Any CPU
		{876882D0-1AF0-4777-8B30-7A34A548332F}.Release|Any CPU.Build.0 = Release|Any CPU
		{7EAC0EFD-30A1-423E-B306-CFD1A2A492EE}.Debug|Any CPU.ActiveCfg = Debug|Any CPU
		{7EAC0EFD-30A1-423E-B306-CFD1A2A492EE}.Debug|Any CPU.Build.0 = Debug|Any CPU
		{7EAC0EFD-30A1-423E-B306-CFD1A2A492EE}.Release|Any CPU.ActiveCfg = Release|Any CPU
		{7EAC0EFD-30A1-423E-B306-CFD1A2A492EE}.Release|Any CPU.Build.0 = Release|Any CPU
		{C405CEA1-98E1-45FE-AB92-59B525911C76}.Debug|Any CPU.ActiveCfg = Debug|Any CPU
		{C405CEA1-98E1-45FE-AB92-59B525911C76}.Debug|Any CPU.Build.0 = Debug|Any CPU
		{C405CEA1-98E1-45FE-AB92-59B525911C76}.Release|Any CPU.ActiveCfg = Release|Any CPU
		{C405CEA1-98E1-45FE-AB92-59B525911C76}.Release|Any CPU.Build.0 = Release|Any CPU
		{3EC320D4-E5CC-4145-BF12-82A574D9F5A8}.Debug|Any CPU.ActiveCfg = Debug|Any CPU
		{3EC320D4-E5CC-4145-BF12-82A574D9F5A8}.Debug|Any CPU.Build.0 = Debug|Any CPU
		{3EC320D4-E5CC-4145-BF12-82A574D9F5A8}.Release|Any CPU.ActiveCfg = Release|Any CPU
		{3EC320D4-E5CC-4145-BF12-82A574D9F5A8}.Release|Any CPU.Build.0 = Release|Any CPU
		{2F9E52B5-AD0E-4437-A119-764B1ABC2463}.Debug|Any CPU.ActiveCfg = Debug|Any CPU
		{2F9E52B5-AD0E-4437-A119-764B1ABC2463}.Debug|Any CPU.Build.0 = Debug|Any CPU
		{2F9E52B5-AD0E-4437-A119-764B1ABC2463}.Release|Any CPU.ActiveCfg = Release|Any CPU
		{2F9E52B5-AD0E-4437-A119-764B1ABC2463}.Release|Any CPU.Build.0 = Release|Any CPU
	EndGlobalSection
EndGlobal
