
Microsoft Visual Studio Solution File, Format Version 12.00
# Visual Studio Version 17
VisualStudioVersion = 17.11.35312.102
MinimumVisualStudioVersion = 10.0.40219.1
Project("{FAE04EC0-301F-11D3-BF4B-00C04F79EFBC}") = "Golovach_20", "Golovach_20.csproj", "{6A5A3366-50F3-4FD1-BF08-4A2EB0BF6219}"
EndProject
Global
	GlobalSection(SolutionConfigurationPlatforms) = preSolution
		Debug|Any CPU = Debug|Any CPU
		Release|Any CPU = Release|Any CPU
	EndGlobalSection
	GlobalSection(ProjectConfigurationPlatforms) = postSolution
		{6A5A3366-50F3-4FD1-BF08-4A2EB0BF6219}.Debug|Any CPU.ActiveCfg = Debug|Any CPU
		{6A5A3366-50F3-4FD1-BF08-4A2EB0BF6219}.Debug|Any CPU.Build.0 = Debug|Any CPU
		{6A5A3366-50F3-4FD1-BF08-4A2EB0BF6219}.Release|Any CPU.ActiveCfg = Release|Any CPU
		{6A5A3366-50F3-4FD1-BF08-4A2EB0BF6219}.Release|Any CPU.Build.0 = Release|Any CPU
	EndGlobalSection
	GlobalSection(SolutionProperties) = preSolution
		HideSolutionNode = FALSE
	EndGlobalSection
	GlobalSection(ExtensibilityGlobals) = postSolution
		SolutionGuid = {2C70A957-E212-4F72-B280-129193A90A39}
	EndGlobalSection
EndGlobal
