
Microsoft Visual Studio Solution File, Format Version 12.00
# Visual Studio Version 17
VisualStudioVersion = 17.11.35312.102
MinimumVisualStudioVersion = 10.0.40219.1
Project("{FAE04EC0-301F-11D3-BF4B-00C04F79EFBC}") = "Golovach_15", "Golovach_15.csproj", "{9EF9F102-82F0-42D3-9053-4BFF2BCBB259}"
EndProject
Global
	GlobalSection(SolutionConfigurationPlatforms) = preSolution
		Debug|Any CPU = Debug|Any CPU
		Release|Any CPU = Release|Any CPU
	EndGlobalSection
	GlobalSection(ProjectConfigurationPlatforms) = postSolution
		{9EF9F102-82F0-42D3-9053-4BFF2BCBB259}.Debug|Any CPU.ActiveCfg = Debug|Any CPU
		{9EF9F102-82F0-42D3-9053-4BFF2BCBB259}.Debug|Any CPU.Build.0 = Debug|Any CPU
		{9EF9F102-82F0-42D3-9053-4BFF2BCBB259}.Release|Any CPU.ActiveCfg = Release|Any CPU
		{9EF9F102-82F0-42D3-9053-4BFF2BCBB259}.Release|Any CPU.Build.0 = Release|Any CPU
	EndGlobalSection
	GlobalSection(SolutionProperties) = preSolution
		HideSolutionNode = FALSE
	EndGlobalSection
	GlobalSection(ExtensibilityGlobals) = postSolution
		SolutionGuid = {22A7FDDE-A50B-434B-A368-FD44ABA2180B}
	EndGlobalSection
EndGlobal
